// !$*UTF8*$!
{
	archiveVersion = 1;
	classes = {
	};
	objectVersion = 50;
	objects = {

/* Begin PBXBuildFile section */
		951C07DB25E8CEAB009AA02A /* QuestionCellType.swift in Sources */ = {isa = PBXBuildFile; fileRef = 951C07DA25E8CEAB009AA02A /* QuestionCellType.swift */; };
		951C07DE25E8DCC7009AA02A /* RemoveQuestionTableViewCell.swift in Sources */ = {isa = PBXBuildFile; fileRef = 951C07DD25E8DCC7009AA02A /* RemoveQuestionTableViewCell.swift */; };
		951C07E625EC1BDD009AA02A /* QuestionBuilder.swift in Sources */ = {isa = PBXBuildFile; fileRef = 951C07E525EC1BDD009AA02A /* QuestionBuilder.swift */; };
		951C07F325ECBB60009AA02A /* Answer.swift in Sources */ = {isa = PBXBuildFile; fileRef = 951C07F225ECBB60009AA02A /* Answer.swift */; };
		951C07F625ECD1BA009AA02A /* QuestionCaretaker.swift in Sources */ = {isa = PBXBuildFile; fileRef = 951C07F525ECD1BA009AA02A /* QuestionCaretaker.swift */; };
		951C07F925ECDA11009AA02A /* QuestionType.swift in Sources */ = {isa = PBXBuildFile; fileRef = 951C07F825ECDA11009AA02A /* QuestionType.swift */; };
		951C07FD25ECF22A009AA02A /* CustomQuestionsStrategy.swift in Sources */ = {isa = PBXBuildFile; fileRef = 951C07FC25ECF22A009AA02A /* CustomQuestionsStrategy.swift */; };
		951C080125ECF295009AA02A /* QuestionsStrategy.swift in Sources */ = {isa = PBXBuildFile; fileRef = 951C080025ECF295009AA02A /* QuestionsStrategy.swift */; };
		951C080525ECF321009AA02A /* GameQuestionsStrategy.swift in Sources */ = {isa = PBXBuildFile; fileRef = 951C080425ECF321009AA02A /* GameQuestionsStrategy.swift */; };
		951C080B25ECF92B009AA02A /* HintUsageFacade.swift in Sources */ = {isa = PBXBuildFile; fileRef = 951C080A25ECF92B009AA02A /* HintUsageFacade.swift */; };
		954C2D3D25E7963F007A8175 /* AppDelegate.swift in Sources */ = {isa = PBXBuildFile; fileRef = 954C2D3C25E7963F007A8175 /* AppDelegate.swift */; };
		954C2D3F25E7963F007A8175 /* SceneDelegate.swift in Sources */ = {isa = PBXBuildFile; fileRef = 954C2D3E25E7963F007A8175 /* SceneDelegate.swift */; };
		954C2D4425E7963F007A8175 /* Main.storyboard in Resources */ = {isa = PBXBuildFile; fileRef = 954C2D4225E7963F007A8175 /* Main.storyboard */; };
		954C2D4625E79640007A8175 /* Assets.xcassets in Resources */ = {isa = PBXBuildFile; fileRef = 954C2D4525E79640007A8175 /* Assets.xcassets */; };
		954C2D4925E79640007A8175 /* LaunchScreen.storyboard in Resources */ = {isa = PBXBuildFile; fileRef = 954C2D4725E79640007A8175 /* LaunchScreen.storyboard */; };
		954C2D6B25E79663007A8175 /* QuestionService.swift in Sources */ = {isa = PBXBuildFile; fileRef = 954C2D5225E79663007A8175 /* QuestionService.swift */; };
		954C2D6C25E79663007A8175 /* Questions.json in Resources */ = {isa = PBXBuildFile; fileRef = 954C2D5325E79663007A8175 /* Questions.json */; };
		954C2D6D25E79663007A8175 /* Question.swift in Sources */ = {isa = PBXBuildFile; fileRef = 954C2D5425E79663007A8175 /* Question.swift */; };
		954C2D6E25E79663007A8175 /* UIButtonExtension.swift in Sources */ = {isa = PBXBuildFile; fileRef = 954C2D5625E79663007A8175 /* UIButtonExtension.swift */; };
		954C2D6F25E79663007A8175 /* Result.swift in Sources */ = {isa = PBXBuildFile; fileRef = 954C2D5825E79663007A8175 /* Result.swift */; };
		954C2D7025E79663007A8175 /* ShuffleSequenceStrategy.swift in Sources */ = {isa = PBXBuildFile; fileRef = 954C2D5B25E79663007A8175 /* ShuffleSequenceStrategy.swift */; };
		954C2D7125E79663007A8175 /* SeriasSequenceStrategy.swift in Sources */ = {isa = PBXBuildFile; fileRef = 954C2D5C25E79663007A8175 /* SeriasSequenceStrategy.swift */; };
		954C2D7225E79663007A8175 /* SequenceStrategy.swift in Sources */ = {isa = PBXBuildFile; fileRef = 954C2D5D25E79663007A8175 /* SequenceStrategy.swift */; };
		954C2D7325E79663007A8175 /* Game.swift in Sources */ = {isa = PBXBuildFile; fileRef = 954C2D5F25E79663007A8175 /* Game.swift */; };
		954C2D7425E79663007A8175 /* GameSession.swift in Sources */ = {isa = PBXBuildFile; fileRef = 954C2D6025E79663007A8175 /* GameSession.swift */; };
		954C2D7525E79663007A8175 /* Caretaker.swift in Sources */ = {isa = PBXBuildFile; fileRef = 954C2D6225E79663007A8175 /* Caretaker.swift */; };
		954C2D7625E79663007A8175 /* SettingsTableViewController.swift in Sources */ = {isa = PBXBuildFile; fileRef = 954C2D6425E79663007A8175 /* SettingsTableViewController.swift */; };
		954C2D7725E79663007A8175 /* GameViewController.swift in Sources */ = {isa = PBXBuildFile; fileRef = 954C2D6525E79663007A8175 /* GameViewController.swift */; };
		954C2D7825E79663007A8175 /* MainViewController.swift in Sources */ = {isa = PBXBuildFile; fileRef = 954C2D6625E79663007A8175 /* MainViewController.swift */; };
		954C2D7925E79663007A8175 /* ResultTableViewCell.swift in Sources */ = {isa = PBXBuildFile; fileRef = 954C2D6725E79663007A8175 /* ResultTableViewCell.swift */; };
		954C2D7A25E79663007A8175 /* ResultsTableViewController.swift in Sources */ = {isa = PBXBuildFile; fileRef = 954C2D6825E79663007A8175 /* ResultsTableViewController.swift */; };
		954C2D7B25E79663007A8175 /* User.swift in Sources */ = {isa = PBXBuildFile; fileRef = 954C2D6A25E79663007A8175 /* User.swift */; };
		9578944B25E7CEA900C1040A /* UIAlertControllerExtension.swift in Sources */ = {isa = PBXBuildFile; fileRef = 9578944A25E7CEA900C1040A /* UIAlertControllerExtension.swift */; };
		9578945225E80CF500C1040A /* AlertFacade.swift in Sources */ = {isa = PBXBuildFile; fileRef = 9578945125E80CF500C1040A /* AlertFacade.swift */; };
		9578945625E813EA00C1040A /* ObservableOptions.swift in Sources */ = {isa = PBXBuildFile; fileRef = 9578945525E813EA00C1040A /* ObservableOptions.swift */; };
		9578945E25E825E200C1040A /* Helpers.swift in Sources */ = {isa = PBXBuildFile; fileRef = 9578945D25E825E200C1040A /* Helpers.swift */; };
		9578946225E8326600C1040A /* QuestionsTableViewController.swift in Sources */ = {isa = PBXBuildFile; fileRef = 9578946125E8326600C1040A /* QuestionsTableViewController.swift */; };
		9578946525E833D800C1040A /* QuestionTableViewCell.swift in Sources */ = {isa = PBXBuildFile; fileRef = 9578946425E833D800C1040A /* QuestionTableViewCell.swift */; };
		9578947125E83E2100C1040A /* QuestionHeaderView.swift in Sources */ = {isa = PBXBuildFile; fileRef = 9578947025E83E2100C1040A /* QuestionHeaderView.swift */; };
		9578947825E8BB6700C1040A /* StringExtension.swift in Sources */ = {isa = PBXBuildFile; fileRef = 9578947725E8BB6700C1040A /* StringExtension.swift */; };
		9578948025E8C2E700C1040A /* QuestionAppendTableViewController.swift in Sources */ = {isa = PBXBuildFile; fileRef = 9578947F25E8C2E700C1040A /* QuestionAppendTableViewController.swift */; };
		9578948325E8C2FA00C1040A /* QuestionAppendCellTableViewCell.swift in Sources */ = {isa = PBXBuildFile; fileRef = 9578948225E8C2FA00C1040A /* QuestionAppendCellTableViewCell.swift */; };
		9578948625E8C35500C1040A /* AnswersAppendTableViewCell.swift in Sources */ = {isa = PBXBuildFile; fileRef = 9578948525E8C35500C1040A /* AnswersAppendTableViewCell.swift */; };
		9578948925E8C5A200C1040A /* ActionsQuestionsTableViewCellDelegate.swift in Sources */ = {isa = PBXBuildFile; fileRef = 9578948825E8C5A200C1040A /* ActionsQuestionsTableViewCellDelegate.swift */; };
		9578948F25E8C9C200C1040A /* QuestionCell.swift in Sources */ = {isa = PBXBuildFile; fileRef = 9578948E25E8C9C200C1040A /* QuestionCell.swift */; };
/* End PBXBuildFile section */

/* Begin PBXFileReference section */
		951C07DA25E8CEAB009AA02A /* QuestionCellType.swift */ = {isa = PBXFileReference; lastKnownFileType = sourcecode.swift; path = QuestionCellType.swift; sourceTree = "<group>"; };
		951C07DD25E8DCC7009AA02A /* RemoveQuestionTableViewCell.swift */ = {isa = PBXFileReference; lastKnownFileType = sourcecode.swift; path = RemoveQuestionTableViewCell.swift; sourceTree = "<group>"; };
		951C07E525EC1BDD009AA02A /* QuestionBuilder.swift */ = {isa = PBXFileReference; lastKnownFileType = sourcecode.swift; path = QuestionBuilder.swift; sourceTree = "<group>"; };
		951C07F225ECBB60009AA02A /* Answer.swift */ = {isa = PBXFileReference; lastKnownFileType = sourcecode.swift; path = Answer.swift; sourceTree = "<group>"; };
		951C07F525ECD1BA009AA02A /* QuestionCaretaker.swift */ = {isa = PBXFileReference; lastKnownFileType = sourcecode.swift; path = QuestionCaretaker.swift; sourceTree = "<group>"; };
		951C07F825ECDA11009AA02A /* QuestionType.swift */ = {isa = PBXFileReference; lastKnownFileType = sourcecode.swift; path = QuestionType.swift; sourceTree = "<group>"; };
		951C07FC25ECF22A009AA02A /* CustomQuestionsStrategy.swift */ = {isa = PBXFileReference; lastKnownFileType = sourcecode.swift; path = CustomQuestionsStrategy.swift; sourceTree = "<group>"; };
		951C080025ECF295009AA02A /* QuestionsStrategy.swift */ = {isa = PBXFileReference; lastKnownFileType = sourcecode.swift; path = QuestionsStrategy.swift; sourceTree = "<group>"; };
		951C080425ECF321009AA02A /* GameQuestionsStrategy.swift */ = {isa = PBXFileReference; lastKnownFileType = sourcecode.swift; path = GameQuestionsStrategy.swift; sourceTree = "<group>"; };
		951C080A25ECF92B009AA02A /* HintUsageFacade.swift */ = {isa = PBXFileReference; lastKnownFileType = sourcecode.swift; path = HintUsageFacade.swift; sourceTree = "<group>"; };
		954C2D3925E7963F007A8175 /* WhoMillionaire.app */ = {isa = PBXFileReference; explicitFileType = wrapper.application; includeInIndex = 0; path = WhoMillionaire.app; sourceTree = BUILT_PRODUCTS_DIR; };
		954C2D3C25E7963F007A8175 /* AppDelegate.swift */ = {isa = PBXFileReference; lastKnownFileType = sourcecode.swift; path = AppDelegate.swift; sourceTree = "<group>"; };
		954C2D3E25E7963F007A8175 /* SceneDelegate.swift */ = {isa = PBXFileReference; lastKnownFileType = sourcecode.swift; path = SceneDelegate.swift; sourceTree = "<group>"; };
		954C2D4325E7963F007A8175 /* Base */ = {isa = PBXFileReference; lastKnownFileType = file.storyboard; name = Base; path = Base.lproj/Main.storyboard; sourceTree = "<group>"; };
		954C2D4525E79640007A8175 /* Assets.xcassets */ = {isa = PBXFileReference; lastKnownFileType = folder.assetcatalog; path = Assets.xcassets; sourceTree = "<group>"; };
		954C2D4825E79640007A8175 /* Base */ = {isa = PBXFileReference; lastKnownFileType = file.storyboard; name = Base; path = Base.lproj/LaunchScreen.storyboard; sourceTree = "<group>"; };
		954C2D4A25E79640007A8175 /* Info.plist */ = {isa = PBXFileReference; lastKnownFileType = text.plist.xml; path = Info.plist; sourceTree = "<group>"; };
		954C2D5225E79663007A8175 /* QuestionService.swift */ = {isa = PBXFileReference; fileEncoding = 4; lastKnownFileType = sourcecode.swift; path = QuestionService.swift; sourceTree = "<group>"; };
		954C2D5325E79663007A8175 /* Questions.json */ = {isa = PBXFileReference; fileEncoding = 4; lastKnownFileType = text.json; path = Questions.json; sourceTree = "<group>"; };
		954C2D5425E79663007A8175 /* Question.swift */ = {isa = PBXFileReference; fileEncoding = 4; lastKnownFileType = sourcecode.swift; path = Question.swift; sourceTree = "<group>"; };
		954C2D5625E79663007A8175 /* UIButtonExtension.swift */ = {isa = PBXFileReference; fileEncoding = 4; lastKnownFileType = sourcecode.swift; path = UIButtonExtension.swift; sourceTree = "<group>"; };
		954C2D5825E79663007A8175 /* Result.swift */ = {isa = PBXFileReference; fileEncoding = 4; lastKnownFileType = sourcecode.swift; path = Result.swift; sourceTree = "<group>"; };
		954C2D5B25E79663007A8175 /* ShuffleSequenceStrategy.swift */ = {isa = PBXFileReference; fileEncoding = 4; lastKnownFileType = sourcecode.swift; path = ShuffleSequenceStrategy.swift; sourceTree = "<group>"; };
		954C2D5C25E79663007A8175 /* SeriasSequenceStrategy.swift */ = {isa = PBXFileReference; fileEncoding = 4; lastKnownFileType = sourcecode.swift; path = SeriasSequenceStrategy.swift; sourceTree = "<group>"; };
		954C2D5D25E79663007A8175 /* SequenceStrategy.swift */ = {isa = PBXFileReference; fileEncoding = 4; lastKnownFileType = sourcecode.swift; path = SequenceStrategy.swift; sourceTree = "<group>"; };
		954C2D5F25E79663007A8175 /* Game.swift */ = {isa = PBXFileReference; fileEncoding = 4; lastKnownFileType = sourcecode.swift; path = Game.swift; sourceTree = "<group>"; };
		954C2D6025E79663007A8175 /* GameSession.swift */ = {isa = PBXFileReference; fileEncoding = 4; lastKnownFileType = sourcecode.swift; path = GameSession.swift; sourceTree = "<group>"; };
		954C2D6225E79663007A8175 /* Caretaker.swift */ = {isa = PBXFileReference; fileEncoding = 4; lastKnownFileType = sourcecode.swift; path = Caretaker.swift; sourceTree = "<group>"; };
		954C2D6425E79663007A8175 /* SettingsTableViewController.swift */ = {isa = PBXFileReference; fileEncoding = 4; lastKnownFileType = sourcecode.swift; path = SettingsTableViewController.swift; sourceTree = "<group>"; };
		954C2D6525E79663007A8175 /* GameViewController.swift */ = {isa = PBXFileReference; fileEncoding = 4; lastKnownFileType = sourcecode.swift; path = GameViewController.swift; sourceTree = "<group>"; };
		954C2D6625E79663007A8175 /* MainViewController.swift */ = {isa = PBXFileReference; fileEncoding = 4; lastKnownFileType = sourcecode.swift; path = MainViewController.swift; sourceTree = "<group>"; };
		954C2D6725E79663007A8175 /* ResultTableViewCell.swift */ = {isa = PBXFileReference; fileEncoding = 4; lastKnownFileType = sourcecode.swift; path = ResultTableViewCell.swift; sourceTree = "<group>"; };
		954C2D6825E79663007A8175 /* ResultsTableViewController.swift */ = {isa = PBXFileReference; fileEncoding = 4; lastKnownFileType = sourcecode.swift; path = ResultsTableViewController.swift; sourceTree = "<group>"; };
		954C2D6A25E79663007A8175 /* User.swift */ = {isa = PBXFileReference; fileEncoding = 4; lastKnownFileType = sourcecode.swift; path = User.swift; sourceTree = "<group>"; };
		9578944A25E7CEA900C1040A /* UIAlertControllerExtension.swift */ = {isa = PBXFileReference; lastKnownFileType = sourcecode.swift; path = UIAlertControllerExtension.swift; sourceTree = "<group>"; };
		9578945125E80CF500C1040A /* AlertFacade.swift */ = {isa = PBXFileReference; lastKnownFileType = sourcecode.swift; path = AlertFacade.swift; sourceTree = "<group>"; };
		9578945525E813EA00C1040A /* ObservableOptions.swift */ = {isa = PBXFileReference; lastKnownFileType = sourcecode.swift; path = ObservableOptions.swift; sourceTree = "<group>"; };
		9578945D25E825E200C1040A /* Helpers.swift */ = {isa = PBXFileReference; lastKnownFileType = sourcecode.swift; path = Helpers.swift; sourceTree = "<group>"; };
		9578946125E8326600C1040A /* QuestionsTableViewController.swift */ = {isa = PBXFileReference; lastKnownFileType = sourcecode.swift; path = QuestionsTableViewController.swift; sourceTree = "<group>"; };
		9578946425E833D800C1040A /* QuestionTableViewCell.swift */ = {isa = PBXFileReference; lastKnownFileType = sourcecode.swift; path = QuestionTableViewCell.swift; sourceTree = "<group>"; };
		9578947025E83E2100C1040A /* QuestionHeaderView.swift */ = {isa = PBXFileReference; lastKnownFileType = sourcecode.swift; path = QuestionHeaderView.swift; sourceTree = "<group>"; };
		9578947725E8BB6700C1040A /* StringExtension.swift */ = {isa = PBXFileReference; lastKnownFileType = sourcecode.swift; path = StringExtension.swift; sourceTree = "<group>"; };
		9578947F25E8C2E700C1040A /* QuestionAppendTableViewController.swift */ = {isa = PBXFileReference; lastKnownFileType = sourcecode.swift; path = QuestionAppendTableViewController.swift; sourceTree = "<group>"; };
		9578948225E8C2FA00C1040A /* QuestionAppendCellTableViewCell.swift */ = {isa = PBXFileReference; lastKnownFileType = sourcecode.swift; path = QuestionAppendCellTableViewCell.swift; sourceTree = "<group>"; };
		9578948525E8C35500C1040A /* AnswersAppendTableViewCell.swift */ = {isa = PBXFileReference; lastKnownFileType = sourcecode.swift; path = AnswersAppendTableViewCell.swift; sourceTree = "<group>"; };
		9578948825E8C5A200C1040A /* ActionsQuestionsTableViewCellDelegate.swift */ = {isa = PBXFileReference; lastKnownFileType = sourcecode.swift; path = ActionsQuestionsTableViewCellDelegate.swift; sourceTree = "<group>"; };
		9578948E25E8C9C200C1040A /* QuestionCell.swift */ = {isa = PBXFileReference; lastKnownFileType = sourcecode.swift; path = QuestionCell.swift; sourceTree = "<group>"; };
/* End PBXFileReference section */

/* Begin PBXFrameworksBuildPhase section */
		954C2D3625E7963F007A8175 /* Frameworks */ = {
			isa = PBXFrameworksBuildPhase;
			buildActionMask = 2147483647;
			files = (
			);
			runOnlyForDeploymentPostprocessing = 0;
		};
/* End PBXFrameworksBuildPhase section */

/* Begin PBXGroup section */
		9506D14025E7974E0085FACC /* Model */ = {
			isa = PBXGroup;
			children = (
				9578945C25E825D600C1040A /* Helpers */,
				954C2D5E25E79663007A8175 /* Game */,
				954C2D5125E79663007A8175 /* Questions */,
				954C2D5725E79663007A8175 /* Result */,
				954C2D6925E79663007A8175 /* User */,
			);
			path = Model;
			sourceTree = "<group>";
		};
		951C07EC25EC2192009AA02A /* Cells */ = {
			isa = PBXGroup;
			children = (
				951C07DA25E8CEAB009AA02A /* QuestionCellType.swift */,
				9578948E25E8C9C200C1040A /* QuestionCell.swift */,
				9578948225E8C2FA00C1040A /* QuestionAppendCellTableViewCell.swift */,
				9578948525E8C35500C1040A /* AnswersAppendTableViewCell.swift */,
				951C07EE25EC21B4009AA02A /* Actions */,
			);
			path = Cells;
			sourceTree = "<group>";
		};
		951C07EE25EC21B4009AA02A /* Actions */ = {
			isa = PBXGroup;
			children = (
				9578948825E8C5A200C1040A /* ActionsQuestionsTableViewCellDelegate.swift */,
				951C07DD25E8DCC7009AA02A /* RemoveQuestionTableViewCell.swift */,
			);
			path = Actions;
			sourceTree = "<group>";
		};
		951C07FF25ECF279009AA02A /* QuestionsStrategy */ = {
			isa = PBXGroup;
			children = (
				951C080025ECF295009AA02A /* QuestionsStrategy.swift */,
				951C080425ECF321009AA02A /* GameQuestionsStrategy.swift */,
				951C07FC25ECF22A009AA02A /* CustomQuestionsStrategy.swift */,
			);
			path = QuestionsStrategy;
			sourceTree = "<group>";
		};
		954C2D3025E7963F007A8175 = {
			isa = PBXGroup;
			children = (
				954C2D3B25E7963F007A8175 /* WhoMillionaire */,
				954C2D3A25E7963F007A8175 /* Products */,
			);
			sourceTree = "<group>";
		};
		954C2D3A25E7963F007A8175 /* Products */ = {
			isa = PBXGroup;
			children = (
				954C2D3925E7963F007A8175 /* WhoMillionaire.app */,
			);
			name = Products;
			sourceTree = "<group>";
		};
		954C2D3B25E7963F007A8175 /* WhoMillionaire */ = {
			isa = PBXGroup;
			children = (
				9578945425E813C700C1040A /* Observer */,
				9578944D25E7D17800C1040A /* Facade */,
				954C2D5925E79663007A8175 /* Strategy */,
				954C2D6125E79663007A8175 /* Momento */,
				954C2D3C25E7963F007A8175 /* AppDelegate.swift */,
				954C2D3E25E7963F007A8175 /* SceneDelegate.swift */,
				954C2D6325E79663007A8175 /* Controllers */,
				9506D14025E7974E0085FACC /* Model */,
				954C2D5525E79663007A8175 /* Helpers */,
				954C2D4225E7963F007A8175 /* Main.storyboard */,
				954C2D4525E79640007A8175 /* Assets.xcassets */,
				954C2D4725E79640007A8175 /* LaunchScreen.storyboard */,
				954C2D4A25E79640007A8175 /* Info.plist */,
			);
			path = WhoMillionaire;
			sourceTree = "<group>";
		};
		954C2D5125E79663007A8175 /* Questions */ = {
			isa = PBXGroup;
			children = (
				954C2D5225E79663007A8175 /* QuestionService.swift */,
				951C07F825ECDA11009AA02A /* QuestionType.swift */,
				954C2D5325E79663007A8175 /* Questions.json */,
				954C2D5425E79663007A8175 /* Question.swift */,
				951C07F225ECBB60009AA02A /* Answer.swift */,
				951C07E525EC1BDD009AA02A /* QuestionBuilder.swift */,
			);
			path = Questions;
			sourceTree = "<group>";
		};
		954C2D5525E79663007A8175 /* Helpers */ = {
			isa = PBXGroup;
			children = (
				954C2D5625E79663007A8175 /* UIButtonExtension.swift */,
				9578944A25E7CEA900C1040A /* UIAlertControllerExtension.swift */,
				9578947725E8BB6700C1040A /* StringExtension.swift */,
			);
			path = Helpers;
			sourceTree = "<group>";
		};
		954C2D5725E79663007A8175 /* Result */ = {
			isa = PBXGroup;
			children = (
				954C2D5825E79663007A8175 /* Result.swift */,
			);
			path = Result;
			sourceTree = "<group>";
		};
		954C2D5925E79663007A8175 /* Strategy */ = {
			isa = PBXGroup;
			children = (
				951C07FF25ECF279009AA02A /* QuestionsStrategy */,
				954C2D5A25E79663007A8175 /* SequenceStrategy */,
			);
			path = Strategy;
			sourceTree = "<group>";
		};
		954C2D5A25E79663007A8175 /* SequenceStrategy */ = {
			isa = PBXGroup;
			children = (
				954C2D5D25E79663007A8175 /* SequenceStrategy.swift */,
				954C2D5B25E79663007A8175 /* ShuffleSequenceStrategy.swift */,
				954C2D5C25E79663007A8175 /* SeriasSequenceStrategy.swift */,
			);
			path = SequenceStrategy;
			sourceTree = "<group>";
		};
		954C2D5E25E79663007A8175 /* Game */ = {
			isa = PBXGroup;
			children = (
				954C2D5F25E79663007A8175 /* Game.swift */,
				954C2D6025E79663007A8175 /* GameSession.swift */,
			);
			path = Game;
			sourceTree = "<group>";
		};
		954C2D6125E79663007A8175 /* Momento */ = {
			isa = PBXGroup;
			children = (
				954C2D6225E79663007A8175 /* Caretaker.swift */,
				951C07F525ECD1BA009AA02A /* QuestionCaretaker.swift */,
			);
			path = Momento;
			sourceTree = "<group>";
		};
		954C2D6325E79663007A8175 /* Controllers */ = {
			isa = PBXGroup;
			children = (
				954C2D6625E79663007A8175 /* MainViewController.swift */,
				954C2D6525E79663007A8175 /* GameViewController.swift */,
				954C2D6425E79663007A8175 /* SettingsTableViewController.swift */,
				9578947B25E8C29400C1040A /* Results */,
				9578947C25E8C2A800C1040A /* Questions */,
			);
			path = Controllers;
			sourceTree = "<group>";
		};
		954C2D6925E79663007A8175 /* User */ = {
			isa = PBXGroup;
			children = (
				954C2D6A25E79663007A8175 /* User.swift */,
			);
			path = User;
			sourceTree = "<group>";
		};
		9578944D25E7D17800C1040A /* Facade */ = {
			isa = PBXGroup;
			children = (
				9578945125E80CF500C1040A /* AlertFacade.swift */,
				951C080A25ECF92B009AA02A /* HintUsageFacade.swift */,
			);
			path = Facade;
			sourceTree = "<group>";
		};
		9578945425E813C700C1040A /* Observer */ = {
			isa = PBXGroup;
			children = (
				9578945525E813EA00C1040A /* ObservableOptions.swift */,
			);
			path = Observer;
			sourceTree = "<group>";
		};
		9578945C25E825D600C1040A /* Helpers */ = {
			isa = PBXGroup;
			children = (
				9578945D25E825E200C1040A /* Helpers.swift */,
			);
			path = Helpers;
			sourceTree = "<group>";
		};
		9578947B25E8C29400C1040A /* Results */ = {
			isa = PBXGroup;
			children = (
				954C2D6825E79663007A8175 /* ResultsTableViewController.swift */,
				954C2D6725E79663007A8175 /* ResultTableViewCell.swift */,
			);
			path = Results;
			sourceTree = "<group>";
		};
		9578947C25E8C2A800C1040A /* Questions */ = {
			isa = PBXGroup;
			children = (
				9578946125E8326600C1040A /* QuestionsTableViewController.swift */,
				9578946425E833D800C1040A /* QuestionTableViewCell.swift */,
				9578947025E83E2100C1040A /* QuestionHeaderView.swift */,
				9578948B25E8C61900C1040A /* Append Question */,
			);
			path = Questions;
			sourceTree = "<group>";
		};
		9578948B25E8C61900C1040A /* Append Question */ = {
			isa = PBXGroup;
			children = (
				9578947F25E8C2E700C1040A /* QuestionAppendTableViewController.swift */,
				951C07EC25EC2192009AA02A /* Cells */,
			);
			path = "Append Question";
			sourceTree = "<group>";
		};
/* End PBXGroup section */

/* Begin PBXNativeTarget section */
		954C2D3825E7963F007A8175 /* WhoMillionaire */ = {
			isa = PBXNativeTarget;
			buildConfigurationList = 954C2D4D25E79640007A8175 /* Build configuration list for PBXNativeTarget "WhoMillionaire" */;
			buildPhases = (
				954C2D3525E7963F007A8175 /* Sources */,
				954C2D3625E7963F007A8175 /* Frameworks */,
				954C2D3725E7963F007A8175 /* Resources */,
			);
			buildRules = (
			);
			dependencies = (
			);
			name = WhoMillionaire;
			productName = WhoMillionaire;
			productReference = 954C2D3925E7963F007A8175 /* WhoMillionaire.app */;
			productType = "com.apple.product-type.application";
		};
/* End PBXNativeTarget section */

/* Begin PBXProject section */
		954C2D3125E7963F007A8175 /* Project object */ = {
			isa = PBXProject;
			attributes = {
				LastSwiftUpdateCheck = 1240;
				LastUpgradeCheck = 1240;
				TargetAttributes = {
					954C2D3825E7963F007A8175 = {
						CreatedOnToolsVersion = 12.4;
					};
				};
			};
			buildConfigurationList = 954C2D3425E7963F007A8175 /* Build configuration list for PBXProject "WhoMillionaire" */;
			compatibilityVersion = "Xcode 9.3";
			developmentRegion = en;
			hasScannedForEncodings = 0;
			knownRegions = (
				en,
				Base,
			);
			mainGroup = 954C2D3025E7963F007A8175;
			productRefGroup = 954C2D3A25E7963F007A8175 /* Products */;
			projectDirPath = "";
			projectRoot = "";
			targets = (
				954C2D3825E7963F007A8175 /* WhoMillionaire */,
			);
		};
/* End PBXProject section */

/* Begin PBXResourcesBuildPhase section */
		954C2D3725E7963F007A8175 /* Resources */ = {
			isa = PBXResourcesBuildPhase;
			buildActionMask = 2147483647;
			files = (
				954C2D4925E79640007A8175 /* LaunchScreen.storyboard in Resources */,
				954C2D6C25E79663007A8175 /* Questions.json in Resources */,
				954C2D4625E79640007A8175 /* Assets.xcassets in Resources */,
				954C2D4425E7963F007A8175 /* Main.storyboard in Resources */,
			);
			runOnlyForDeploymentPostprocessing = 0;
		};
/* End PBXResourcesBuildPhase section */

/* Begin PBXSourcesBuildPhase section */
		954C2D3525E7963F007A8175 /* Sources */ = {
			isa = PBXSourcesBuildPhase;
			buildActionMask = 2147483647;
			files = (
				9578945625E813EA00C1040A /* ObservableOptions.swift in Sources */,
				954C2D7125E79663007A8175 /* SeriasSequenceStrategy.swift in Sources */,
				951C080525ECF321009AA02A /* GameQuestionsStrategy.swift in Sources */,
				954C2D6D25E79663007A8175 /* Question.swift in Sources */,
				951C07F925ECDA11009AA02A /* QuestionType.swift in Sources */,
				954C2D7025E79663007A8175 /* ShuffleSequenceStrategy.swift in Sources */,
				951C07DB25E8CEAB009AA02A /* QuestionCellType.swift in Sources */,
				9578945E25E825E200C1040A /* Helpers.swift in Sources */,
				954C2D6B25E79663007A8175 /* QuestionService.swift in Sources */,
				951C07DE25E8DCC7009AA02A /* RemoveQuestionTableViewCell.swift in Sources */,
				9578946525E833D800C1040A /* QuestionTableViewCell.swift in Sources */,
				9578947825E8BB6700C1040A /* StringExtension.swift in Sources */,
				951C07FD25ECF22A009AA02A /* CustomQuestionsStrategy.swift in Sources */,
				954C2D7525E79663007A8175 /* Caretaker.swift in Sources */,
				954C2D7A25E79663007A8175 /* ResultsTableViewController.swift in Sources */,
				954C2D7625E79663007A8175 /* SettingsTableViewController.swift in Sources */,
				954C2D7825E79663007A8175 /* MainViewController.swift in Sources */,
				951C080125ECF295009AA02A /* QuestionsStrategy.swift in Sources */,
				954C2D7225E79663007A8175 /* SequenceStrategy.swift in Sources */,
				954C2D7325E79663007A8175 /* Game.swift in Sources */,
				9578948F25E8C9C200C1040A /* QuestionCell.swift in Sources */,
				9578948325E8C2FA00C1040A /* QuestionAppendCellTableViewCell.swift in Sources */,
				954C2D3D25E7963F007A8175 /* AppDelegate.swift in Sources */,
				951C080B25ECF92B009AA02A /* HintUsageFacade.swift in Sources */,
				9578947125E83E2100C1040A /* QuestionHeaderView.swift in Sources */,
				954C2D7725E79663007A8175 /* GameViewController.swift in Sources */,
				9578948925E8C5A200C1040A /* ActionsQuestionsTableViewCellDelegate.swift in Sources */,
				954C2D7925E79663007A8175 /* ResultTableViewCell.swift in Sources */,
				9578944B25E7CEA900C1040A /* UIAlertControllerExtension.swift in Sources */,
				954C2D6F25E79663007A8175 /* Result.swift in Sources */,
				951C07E625EC1BDD009AA02A /* QuestionBuilder.swift in Sources */,
				951C07F625ECD1BA009AA02A /* QuestionCaretaker.swift in Sources */,
				954C2D3F25E7963F007A8175 /* SceneDelegate.swift in Sources */,
				9578946225E8326600C1040A /* QuestionsTableViewController.swift in Sources */,
				9578948625E8C35500C1040A /* AnswersAppendTableViewCell.swift in Sources */,
				9578945225E80CF500C1040A /* AlertFacade.swift in Sources */,
				954C2D7425E79663007A8175 /* GameSession.swift in Sources */,
				9578948025E8C2E700C1040A /* QuestionAppendTableViewController.swift in Sources */,
				951C07F325ECBB60009AA02A /* Answer.swift in Sources */,
				954C2D6E25E79663007A8175 /* UIButtonExtension.swift in Sources */,
				954C2D7B25E79663007A8175 /* User.swift in Sources */,
			);
			runOnlyForDeploymentPostprocessing = 0;
		};
/* End PBXSourcesBuildPhase section */

/* Begin PBXVariantGroup section */
		954C2D4225E7963F007A8175 /* Main.storyboard */ = {
			isa = PBXVariantGroup;
			children = (
				954C2D4325E7963F007A8175 /* Base */,
			);
			name = Main.storyboard;
			sourceTree = "<group>";
		};
		954C2D4725E79640007A8175 /* LaunchScreen.storyboard */ = {
			isa = PBXVariantGroup;
			children = (
				954C2D4825E79640007A8175 /* Base */,
			);
			name = LaunchScreen.storyboard;
			sourceTree = "<group>";
		};
/* End PBXVariantGroup section */

/* Begin XCBuildConfiguration section */
		954C2D4B25E79640007A8175 /* Debug */ = {
			isa = XCBuildConfiguration;
			buildSettings = {
				ALWAYS_SEARCH_USER_PATHS = NO;
				CLANG_ANALYZER_NONNULL = YES;
				CLANG_ANALYZER_NUMBER_OBJECT_CONVERSION = YES_AGGRESSIVE;
				CLANG_CXX_LANGUAGE_STANDARD = "gnu++14";
				CLANG_CXX_LIBRARY = "libc++";
				CLANG_ENABLE_MODULES = YES;
				CLANG_ENABLE_OBJC_ARC = YES;
				CLANG_ENABLE_OBJC_WEAK = YES;
				CLANG_WARN_BLOCK_CAPTURE_AUTORELEASING = YES;
				CLANG_WARN_BOOL_CONVERSION = YES;
				CLANG_WARN_COMMA = YES;
				CLANG_WARN_CONSTANT_CONVERSION = YES;
				CLANG_WARN_DEPRECATED_OBJC_IMPLEMENTATIONS = YES;
				CLANG_WARN_DIRECT_OBJC_ISA_USAGE = YES_ERROR;
				CLANG_WARN_DOCUMENTATION_COMMENTS = YES;
				CLANG_WARN_EMPTY_BODY = YES;
				CLANG_WARN_ENUM_CONVERSION = YES;
				CLANG_WARN_INFINITE_RECURSION = YES;
				CLANG_WARN_INT_CONVERSION = YES;
				CLANG_WARN_NON_LITERAL_NULL_CONVERSION = YES;
				CLANG_WARN_OBJC_IMPLICIT_RETAIN_SELF = YES;
				CLANG_WARN_OBJC_LITERAL_CONVERSION = YES;
				CLANG_WARN_OBJC_ROOT_CLASS = YES_ERROR;
				CLANG_WARN_QUOTED_INCLUDE_IN_FRAMEWORK_HEADER = YES;
				CLANG_WARN_RANGE_LOOP_ANALYSIS = YES;
				CLANG_WARN_STRICT_PROTOTYPES = YES;
				CLANG_WARN_SUSPICIOUS_MOVE = YES;
				CLANG_WARN_UNGUARDED_AVAILABILITY = YES_AGGRESSIVE;
				CLANG_WARN_UNREACHABLE_CODE = YES;
				CLANG_WARN__DUPLICATE_METHOD_MATCH = YES;
				COPY_PHASE_STRIP = NO;
				DEBUG_INFORMATION_FORMAT = dwarf;
				ENABLE_STRICT_OBJC_MSGSEND = YES;
				ENABLE_TESTABILITY = YES;
				GCC_C_LANGUAGE_STANDARD = gnu11;
				GCC_DYNAMIC_NO_PIC = NO;
				GCC_NO_COMMON_BLOCKS = YES;
				GCC_OPTIMIZATION_LEVEL = 0;
				GCC_PREPROCESSOR_DEFINITIONS = (
					"DEBUG=1",
					"$(inherited)",
				);
				GCC_WARN_64_TO_32_BIT_CONVERSION = YES;
				GCC_WARN_ABOUT_RETURN_TYPE = YES_ERROR;
				GCC_WARN_UNDECLARED_SELECTOR = YES;
				GCC_WARN_UNINITIALIZED_AUTOS = YES_AGGRESSIVE;
				GCC_WARN_UNUSED_FUNCTION = YES;
				GCC_WARN_UNUSED_VARIABLE = YES;
				IPHONEOS_DEPLOYMENT_TARGET = 14.4;
				MTL_ENABLE_DEBUG_INFO = INCLUDE_SOURCE;
				MTL_FAST_MATH = YES;
				ONLY_ACTIVE_ARCH = YES;
				SDKROOT = iphoneos;
				SWIFT_ACTIVE_COMPILATION_CONDITIONS = DEBUG;
				SWIFT_OPTIMIZATION_LEVEL = "-Onone";
			};
			name = Debug;
		};
		954C2D4C25E79640007A8175 /* Release */ = {
			isa = XCBuildConfiguration;
			buildSettings = {
				ALWAYS_SEARCH_USER_PATHS = NO;
				CLANG_ANALYZER_NONNULL = YES;
				CLANG_ANALYZER_NUMBER_OBJECT_CONVERSION = YES_AGGRESSIVE;
				CLANG_CXX_LANGUAGE_STANDARD = "gnu++14";
				CLANG_CXX_LIBRARY = "libc++";
				CLANG_ENABLE_MODULES = YES;
				CLANG_ENABLE_OBJC_ARC = YES;
				CLANG_ENABLE_OBJC_WEAK = YES;
				CLANG_WARN_BLOCK_CAPTURE_AUTORELEASING = YES;
				CLANG_WARN_BOOL_CONVERSION = YES;
				CLANG_WARN_COMMA = YES;
				CLANG_WARN_CONSTANT_CONVERSION = YES;
				CLANG_WARN_DEPRECATED_OBJC_IMPLEMENTATIONS = YES;
				CLANG_WARN_DIRECT_OBJC_ISA_USAGE = YES_ERROR;
				CLANG_WARN_DOCUMENTATION_COMMENTS = YES;
				CLANG_WARN_EMPTY_BODY = YES;
				CLANG_WARN_ENUM_CONVERSION = YES;
				CLANG_WARN_INFINITE_RECURSION = YES;
				CLANG_WARN_INT_CONVERSION = YES;
				CLANG_WARN_NON_LITERAL_NULL_CONVERSION = YES;
				CLANG_WARN_OBJC_IMPLICIT_RETAIN_SELF = YES;
				CLANG_WARN_OBJC_LITERAL_CONVERSION = YES;
				CLANG_WARN_OBJC_ROOT_CLASS = YES_ERROR;
				CLANG_WARN_QUOTED_INCLUDE_IN_FRAMEWORK_HEADER = YES;
				CLANG_WARN_RANGE_LOOP_ANALYSIS = YES;
				CLANG_WARN_STRICT_PROTOTYPES = YES;
				CLANG_WARN_SUSPICIOUS_MOVE = YES;
				CLANG_WARN_UNGUARDED_AVAILABILITY = YES_AGGRESSIVE;
				CLANG_WARN_UNREACHABLE_CODE = YES;
				CLANG_WARN__DUPLICATE_METHOD_MATCH = YES;
				COPY_PHASE_STRIP = NO;
				DEBUG_INFORMATION_FORMAT = "dwarf-with-dsym";
				ENABLE_NS_ASSERTIONS = NO;
				ENABLE_STRICT_OBJC_MSGSEND = YES;
				GCC_C_LANGUAGE_STANDARD = gnu11;
				GCC_NO_COMMON_BLOCKS = YES;
				GCC_WARN_64_TO_32_BIT_CONVERSION = YES;
				GCC_WARN_ABOUT_RETURN_TYPE = YES_ERROR;
				GCC_WARN_UNDECLARED_SELECTOR = YES;
				GCC_WARN_UNINITIALIZED_AUTOS = YES_AGGRESSIVE;
				GCC_WARN_UNUSED_FUNCTION = YES;
				GCC_WARN_UNUSED_VARIABLE = YES;
				IPHONEOS_DEPLOYMENT_TARGET = 14.4;
				MTL_ENABLE_DEBUG_INFO = NO;
				MTL_FAST_MATH = YES;
				SDKROOT = iphoneos;
				SWIFT_COMPILATION_MODE = wholemodule;
				SWIFT_OPTIMIZATION_LEVEL = "-O";
				VALIDATE_PRODUCT = YES;
			};
			name = Release;
		};
		954C2D4E25E79640007A8175 /* Debug */ = {
			isa = XCBuildConfiguration;
			buildSettings = {
				ASSETCATALOG_COMPILER_APPICON_NAME = AppIcon;
				ASSETCATALOG_COMPILER_GLOBAL_ACCENT_COLOR_NAME = AccentColor;
				CODE_SIGN_STYLE = Automatic;
				DEVELOPMENT_TEAM = TNTX3799P3;
				INFOPLIST_FILE = WhoMillionaire/Info.plist;
				LD_RUNPATH_SEARCH_PATHS = (
					"$(inherited)",
					"@executable_path/Frameworks",
				);
				PRODUCT_BUNDLE_IDENTIFIER = dd.WhoMillionaire;
				PRODUCT_NAME = "$(TARGET_NAME)";
				SWIFT_VERSION = 5.0;
				TARGETED_DEVICE_FAMILY = "1,2";
			};
			name = Debug;
		};
		954C2D4F25E79640007A8175 /* Release */ = {
			isa = XCBuildConfiguration;
			buildSettings = {
				ASSETCATALOG_COMPILER_APPICON_NAME = AppIcon;
				ASSETCATALOG_COMPILER_GLOBAL_ACCENT_COLOR_NAME = AccentColor;
				CODE_SIGN_STYLE = Automatic;
				DEVELOPMENT_TEAM = TNTX3799P3;
				INFOPLIST_FILE = WhoMillionaire/Info.plist;
				LD_RUNPATH_SEARCH_PATHS = (
					"$(inherited)",
					"@executable_path/Frameworks",
				);
				PRODUCT_BUNDLE_IDENTIFIER = dd.WhoMillionaire;
				PRODUCT_NAME = "$(TARGET_NAME)";
				SWIFT_VERSION = 5.0;
				TARGETED_DEVICE_FAMILY = "1,2";
			};
			name = Release;
		};
/* End XCBuildConfiguration section */

/* Begin XCConfigurationList section */
		954C2D3425E7963F007A8175 /* Build configuration list for PBXProject "WhoMillionaire" */ = {
			isa = XCConfigurationList;
			buildConfigurations = (
				954C2D4B25E79640007A8175 /* Debug */,
				954C2D4C25E79640007A8175 /* Release */,
			);
			defaultConfigurationIsVisible = 0;
			defaultConfigurationName = Release;
		};
		954C2D4D25E79640007A8175 /* Build configuration list for PBXNativeTarget "WhoMillionaire" */ = {
			isa = XCConfigurationList;
			buildConfigurations = (
				954C2D4E25E79640007A8175 /* Debug */,
				954C2D4F25E79640007A8175 /* Release */,
			);
			defaultConfigurationIsVisible = 0;
			defaultConfigurationName = Release;
		};
/* End XCConfigurationList section */
	};
	rootObject = 954C2D3125E7963F007A8175 /* Project object */;
}
